// !$*UTF8*$!
{
	archiveVersion = 1;
	classes = {
	};
	objectVersion = 50;
	objects = {

/* Begin PBXBuildFile section */
		295B4B622367ABD80069C93E /* AppDelegate.swift in Sources */ = {isa = PBXBuildFile; fileRef = 295B4B612367ABD80069C93E /* AppDelegate.swift */; };
		295B4B642367ABD80069C93E /* ViewController.swift in Sources */ = {isa = PBXBuildFile; fileRef = 295B4B632367ABD80069C93E /* ViewController.swift */; };
		295B4B692367ABD90069C93E /* Assets.xcassets in Resources */ = {isa = PBXBuildFile; fileRef = 295B4B682367ABD90069C93E /* Assets.xcassets */; };
		295B4B6C2367ABD90069C93E /* LaunchScreen.storyboard in Resources */ = {isa = PBXBuildFile; fileRef = 295B4B6A2367ABD90069C93E /* LaunchScreen.storyboard */; };
		295B4B742367ACD50069C93E /* .swiftlint.yml in Resources */ = {isa = PBXBuildFile; fileRef = 295B4B732367ACD50069C93E /* .swiftlint.yml */; };
		295B4B7D2367B20B0069C93E /* Movie.swift in Sources */ = {isa = PBXBuildFile; fileRef = 295B4B7C2367B20B0069C93E /* Movie.swift */; };
		295B4B802367B45D0069C93E /* MovieListViewModel.swift in Sources */ = {isa = PBXBuildFile; fileRef = 295B4B7F2367B45D0069C93E /* MovieListViewModel.swift */; };
		295B4B822367B4790069C93E /* MovieCell.swift in Sources */ = {isa = PBXBuildFile; fileRef = 295B4B812367B4790069C93E /* MovieCell.swift */; };
		2999F63C2370EBE00093DE9F /* AppConstants.swift in Sources */ = {isa = PBXBuildFile; fileRef = 2999F63B2370EBE00093DE9F /* AppConstants.swift */; };
		2999F63F2370EE610093DE9F /* ApiRouter.swift in Sources */ = {isa = PBXBuildFile; fileRef = 2999F63E2370EE610093DE9F /* ApiRouter.swift */; };
		2999F6452370EEDE0093DE9F /* Alamofire.framework in Frameworks */ = {isa = PBXBuildFile; fileRef = 2999F6412370EEDE0093DE9F /* Alamofire.framework */; };
		2999F6462370EEDE0093DE9F /* AlamofireImage.framework in Frameworks */ = {isa = PBXBuildFile; fileRef = 2999F6422370EEDE0093DE9F /* AlamofireImage.framework */; };
		2999F6472370EEDE0093DE9F /* RxSwift.framework in Frameworks */ = {isa = PBXBuildFile; fileRef = 2999F6432370EEDE0093DE9F /* RxSwift.framework */; };
		2999F6482370EEDE0093DE9F /* RxCocoa.framework in Frameworks */ = {isa = PBXBuildFile; fileRef = 2999F6442370EEDE0093DE9F /* RxCocoa.framework */; };
		2999F64D2370F99D0093DE9F /* MovieApi.swift in Sources */ = {isa = PBXBuildFile; fileRef = 2999F64C2370F99D0093DE9F /* MovieApi.swift */; };
		2999F6512370FA3D0093DE9F /* BaseApi.swift in Sources */ = {isa = PBXBuildFile; fileRef = 2999F6502370FA3D0093DE9F /* BaseApi.swift */; };
/* End PBXBuildFile section */

/* Begin PBXFileReference section */
		295B4B5E2367ABD80069C93E /* iOSRxMovies.app */ = {isa = PBXFileReference; explicitFileType = wrapper.application; includeInIndex = 0; path = iOSRxMovies.app; sourceTree = BUILT_PRODUCTS_DIR; };
		295B4B612367ABD80069C93E /* AppDelegate.swift */ = {isa = PBXFileReference; lastKnownFileType = sourcecode.swift; path = AppDelegate.swift; sourceTree = "<group>"; };
		295B4B632367ABD80069C93E /* ViewController.swift */ = {isa = PBXFileReference; lastKnownFileType = sourcecode.swift; path = ViewController.swift; sourceTree = "<group>"; };
		295B4B682367ABD90069C93E /* Assets.xcassets */ = {isa = PBXFileReference; lastKnownFileType = folder.assetcatalog; path = Assets.xcassets; sourceTree = "<group>"; };
		295B4B6B2367ABD90069C93E /* Base */ = {isa = PBXFileReference; lastKnownFileType = file.storyboard; name = Base; path = Base.lproj/LaunchScreen.storyboard; sourceTree = "<group>"; };
		295B4B6D2367ABD90069C93E /* Info.plist */ = {isa = PBXFileReference; lastKnownFileType = text.plist.xml; path = Info.plist; sourceTree = "<group>"; };
		295B4B732367ACD50069C93E /* .swiftlint.yml */ = {isa = PBXFileReference; fileEncoding = 4; lastKnownFileType = text; path = .swiftlint.yml; sourceTree = "<group>"; };
		295B4B7C2367B20B0069C93E /* Movie.swift */ = {isa = PBXFileReference; lastKnownFileType = sourcecode.swift; path = Movie.swift; sourceTree = "<group>"; };
		295B4B7F2367B45D0069C93E /* MovieListViewModel.swift */ = {isa = PBXFileReference; lastKnownFileType = sourcecode.swift; path = MovieListViewModel.swift; sourceTree = "<group>"; };
		295B4B812367B4790069C93E /* MovieCell.swift */ = {isa = PBXFileReference; lastKnownFileType = sourcecode.swift; path = MovieCell.swift; sourceTree = "<group>"; };
		2999F63B2370EBE00093DE9F /* AppConstants.swift */ = {isa = PBXFileReference; lastKnownFileType = sourcecode.swift; path = AppConstants.swift; sourceTree = "<group>"; };
		2999F63E2370EE610093DE9F /* ApiRouter.swift */ = {isa = PBXFileReference; lastKnownFileType = sourcecode.swift; path = ApiRouter.swift; sourceTree = "<group>"; };
		2999F6412370EEDE0093DE9F /* Alamofire.framework */ = {isa = PBXFileReference; lastKnownFileType = wrapper.framework; name = Alamofire.framework; path = Carthage/Build/iOS/Alamofire.framework; sourceTree = "<group>"; };
		2999F6422370EEDE0093DE9F /* AlamofireImage.framework */ = {isa = PBXFileReference; lastKnownFileType = wrapper.framework; name = AlamofireImage.framework; path = Carthage/Build/iOS/AlamofireImage.framework; sourceTree = "<group>"; };
		2999F6432370EEDE0093DE9F /* RxSwift.framework */ = {isa = PBXFileReference; lastKnownFileType = wrapper.framework; name = RxSwift.framework; path = Carthage/Build/iOS/RxSwift.framework; sourceTree = "<group>"; };
		2999F6442370EEDE0093DE9F /* RxCocoa.framework */ = {isa = PBXFileReference; lastKnownFileType = wrapper.framework; name = RxCocoa.framework; path = Carthage/Build/iOS/RxCocoa.framework; sourceTree = "<group>"; };
		2999F64C2370F99D0093DE9F /* MovieApi.swift */ = {isa = PBXFileReference; lastKnownFileType = sourcecode.swift; path = MovieApi.swift; sourceTree = "<group>"; };
		2999F6502370FA3D0093DE9F /* BaseApi.swift */ = {isa = PBXFileReference; lastKnownFileType = sourcecode.swift; path = BaseApi.swift; sourceTree = "<group>"; };
/* End PBXFileReference section */

/* Begin PBXFrameworksBuildPhase section */
		295B4B5B2367ABD80069C93E /* Frameworks */ = {
			isa = PBXFrameworksBuildPhase;
			buildActionMask = 2147483647;
			files = (
				2999F6452370EEDE0093DE9F /* Alamofire.framework in Frameworks */,
				2999F6462370EEDE0093DE9F /* AlamofireImage.framework in Frameworks */,
				2999F6472370EEDE0093DE9F /* RxSwift.framework in Frameworks */,
				2999F6482370EEDE0093DE9F /* RxCocoa.framework in Frameworks */,
			);
			runOnlyForDeploymentPostprocessing = 0;
		};
/* End PBXFrameworksBuildPhase section */

/* Begin PBXGroup section */
		295B4B552367ABD80069C93E = {
			isa = PBXGroup;
			children = (
				295B4B732367ACD50069C93E /* .swiftlint.yml */,
				295B4B602367ABD80069C93E /* iOSRxMovies */,
				295B4B5F2367ABD80069C93E /* Products */,
				2999F6402370EEDD0093DE9F /* Frameworks */,
			);
			sourceTree = "<group>";
		};
		295B4B5F2367ABD80069C93E /* Products */ = {
			isa = PBXGroup;
			children = (
				295B4B5E2367ABD80069C93E /* iOSRxMovies.app */,
			);
			name = Products;
			sourceTree = "<group>";
		};
		295B4B602367ABD80069C93E /* iOSRxMovies */ = {
			isa = PBXGroup;
			children = (
				2999F63A2370EBCD0093DE9F /* shared */,
				295B4B772367B1A80069C93E /* features */,
				295B4B612367ABD80069C93E /* AppDelegate.swift */,
				295B4B682367ABD90069C93E /* Assets.xcassets */,
				295B4B6A2367ABD90069C93E /* LaunchScreen.storyboard */,
				295B4B6D2367ABD90069C93E /* Info.plist */,
			);
			path = iOSRxMovies;
			sourceTree = "<group>";
		};
		295B4B772367B1A80069C93E /* features */ = {
			isa = PBXGroup;
			children = (
				295B4B782367B1B40069C93E /* movieList */,
			);
			path = features;
			sourceTree = "<group>";
		};
		295B4B782367B1B40069C93E /* movieList */ = {
			isa = PBXGroup;
			children = (
				295B4B7E2367B4490069C93E /* viewModel */,
				295B4B7B2367B1D70069C93E /* view */,
				295B4B7A2367B1D10069C93E /* model */,
				295B4B792367B1C90069C93E /* controller */,
			);
			path = movieList;
			sourceTree = "<group>";
		};
		295B4B792367B1C90069C93E /* controller */ = {
			isa = PBXGroup;
			children = (
				295B4B632367ABD80069C93E /* ViewController.swift */,
			);
			path = controller;
			sourceTree = "<group>";
		};
		295B4B7A2367B1D10069C93E /* model */ = {
			isa = PBXGroup;
			children = (
				295B4B7C2367B20B0069C93E /* Movie.swift */,
			);
			path = model;
			sourceTree = "<group>";
		};
		295B4B7B2367B1D70069C93E /* view */ = {
			isa = PBXGroup;
			children = (
				295B4B812367B4790069C93E /* MovieCell.swift */,
			);
			path = view;
			sourceTree = "<group>";
		};
		295B4B7E2367B4490069C93E /* viewModel */ = {
			isa = PBXGroup;
			children = (
				295B4B7F2367B45D0069C93E /* MovieListViewModel.swift */,
			);
			path = viewModel;
			sourceTree = "<group>";
		};
		2999F63A2370EBCD0093DE9F /* shared */ = {
			isa = PBXGroup;
			children = (
				2999F63D2370EE510093DE9F /* api */,
				2999F63B2370EBE00093DE9F /* AppConstants.swift */,
			);
			path = shared;
			sourceTree = "<group>";
		};
		2999F63D2370EE510093DE9F /* api */ = {
			isa = PBXGroup;
			children = (
				2999F63E2370EE610093DE9F /* ApiRouter.swift */,
				2999F64C2370F99D0093DE9F /* MovieApi.swift */,
				2999F6502370FA3D0093DE9F /* BaseApi.swift */,
			);
			path = api;
			sourceTree = "<group>";
		};
		2999F6402370EEDD0093DE9F /* Frameworks */ = {
			isa = PBXGroup;
			children = (
				2999F6412370EEDE0093DE9F /* Alamofire.framework */,
				2999F6422370EEDE0093DE9F /* AlamofireImage.framework */,
				2999F6442370EEDE0093DE9F /* RxCocoa.framework */,
				2999F6432370EEDE0093DE9F /* RxSwift.framework */,
			);
			name = Frameworks;
			sourceTree = "<group>";
		};
/* End PBXGroup section */

/* Begin PBXNativeTarget section */
		295B4B5D2367ABD80069C93E /* iOSRxMovies */ = {
			isa = PBXNativeTarget;
			buildConfigurationList = 295B4B702367ABD90069C93E /* Build configuration list for PBXNativeTarget "iOSRxMovies" */;
			buildPhases = (
				295B4B5A2367ABD80069C93E /* Sources */,
				295B4B5B2367ABD80069C93E /* Frameworks */,
				295B4B5C2367ABD80069C93E /* Resources */,
				295B4B752367AD5B0069C93E /* Run Script (Swiftlint) */,
				295B4B762367AE660069C93E /* Run Script (Carthage) */,
			);
			buildRules = (
			);
			dependencies = (
			);
			name = iOSRxMovies;
			productName = iOSRxMovies;
			productReference = 295B4B5E2367ABD80069C93E /* iOSRxMovies.app */;
			productType = "com.apple.product-type.application";
		};
/* End PBXNativeTarget section */

/* Begin PBXProject section */
		295B4B562367ABD80069C93E /* Project object */ = {
			isa = PBXProject;
			attributes = {
				LastSwiftUpdateCheck = 1010;
				LastUpgradeCheck = 1010;
				ORGANIZATIONNAME = "Adriano Song";
				TargetAttributes = {
					295B4B5D2367ABD80069C93E = {
						CreatedOnToolsVersion = 10.1;
					};
				};
			};
			buildConfigurationList = 295B4B592367ABD80069C93E /* Build configuration list for PBXProject "iOSRxMovies" */;
			compatibilityVersion = "Xcode 9.3";
			developmentRegion = en;
			hasScannedForEncodings = 0;
			knownRegions = (
				en,
				Base,
			);
			mainGroup = 295B4B552367ABD80069C93E;
			productRefGroup = 295B4B5F2367ABD80069C93E /* Products */;
			projectDirPath = "";
			projectRoot = "";
			targets = (
				295B4B5D2367ABD80069C93E /* iOSRxMovies */,
			);
		};
/* End PBXProject section */

/* Begin PBXResourcesBuildPhase section */
		295B4B5C2367ABD80069C93E /* Resources */ = {
			isa = PBXResourcesBuildPhase;
			buildActionMask = 2147483647;
			files = (
				295B4B742367ACD50069C93E /* .swiftlint.yml in Resources */,
				295B4B6C2367ABD90069C93E /* LaunchScreen.storyboard in Resources */,
				295B4B692367ABD90069C93E /* Assets.xcassets in Resources */,
			);
			runOnlyForDeploymentPostprocessing = 0;
		};
/* End PBXResourcesBuildPhase section */

/* Begin PBXShellScriptBuildPhase section */
		295B4B752367AD5B0069C93E /* Run Script (Swiftlint) */ = {
			isa = PBXShellScriptBuildPhase;
			buildActionMask = 2147483647;
			files = (
			);
			inputFileListPaths = (
			);
			inputPaths = (
			);
			name = "Run Script (Swiftlint)";
			outputFileListPaths = (
			);
			outputPaths = (
			);
			runOnlyForDeploymentPostprocessing = 0;
			shellPath = /bin/sh;
			shellScript = "if which swiftlint >/dev/null; then\n    swiftlint\nelse\n    echo \"warning: SwiftLint not installed, download from https://github.com/realm/SwiftLint\"\nfi\n";
		};
		295B4B762367AE660069C93E /* Run Script (Carthage) */ = {
			isa = PBXShellScriptBuildPhase;
			buildActionMask = 2147483647;
			files = (
			);
			inputFileListPaths = (
			);
			inputPaths = (
				"$(SRCROOT)/Carthage/Build/iOS/RxAtomic.framework",
				"$(SRCROOT)/Carthage/Build/iOS/RxCocoa.framework",
				"$(SRCROOT)/Carthage/Build/iOS/RxSwift.framework",
				"$(SRCROOT)/Carthage/Build/iOS/Alamofire.framework",
				"$(SRCROOT)/Carthage/Build/iOS/AlamofireImage.framework",
			);
			name = "Run Script (Carthage)";
			outputFileListPaths = (
			);
			outputPaths = (
				"$(BUILT_PRODUCTS_DIR)/$(FRAMEWORKS_FOLDER_PATH)/RxAtomic.framework",
				"$(BUILT_PRODUCTS_DIR)/$(FRAMEWORKS_FOLDER_PATH)/RxCocoa.framework",
				"$(BUILT_PRODUCTS_DIR)/$(FRAMEWORKS_FOLDER_PATH)/RxSwift.framework",
				"$(BUILT_PRODUCTS_DIR)/$(FRAMEWORKS_FOLDER_PATH)/Alamofireframework",
				"$(BUILT_PRODUCTS_DIR)/$(FRAMEWORKS_FOLDER_PATH)/AlamofireImage.framework",
			);
			runOnlyForDeploymentPostprocessing = 0;
			shellPath = /bin/sh;
			shellScript = "/usr/local/bin/carthage copy-frameworks\n";
		};
/* End PBXShellScriptBuildPhase section */

/* Begin PBXSourcesBuildPhase section */
		295B4B5A2367ABD80069C93E /* Sources */ = {
			isa = PBXSourcesBuildPhase;
			buildActionMask = 2147483647;
			files = (
				2999F63F2370EE610093DE9F /* ApiRouter.swift in Sources */,
				295B4B642367ABD80069C93E /* ViewController.swift in Sources */,
				2999F63C2370EBE00093DE9F /* AppConstants.swift in Sources */,
				2999F64D2370F99D0093DE9F /* MovieApi.swift in Sources */,
				295B4B622367ABD80069C93E /* AppDelegate.swift in Sources */,
				295B4B7D2367B20B0069C93E /* Movie.swift in Sources */,
				295B4B822367B4790069C93E /* MovieCell.swift in Sources */,
				295B4B802367B45D0069C93E /* MovieListViewModel.swift in Sources */,
				2999F6512370FA3D0093DE9F /* BaseApi.swift in Sources */,
			);
			runOnlyForDeploymentPostprocessing = 0;
		};
/* End PBXSourcesBuildPhase section */

/* Begin PBXVariantGroup section */
		295B4B6A2367ABD90069C93E /* LaunchScreen.storyboard */ = {
			isa = PBXVariantGroup;
			children = (
				295B4B6B2367ABD90069C93E /* Base */,
			);
			name = LaunchScreen.storyboard;
			sourceTree = "<group>";
		};
/* End PBXVariantGroup section */

/* Begin XCBuildConfiguration section */
		295B4B6E2367ABD90069C93E /* Debug */ = {
			isa = XCBuildConfiguration;
			buildSettings = {
				ALWAYS_SEARCH_USER_PATHS = NO;
				CLANG_ANALYZER_NONNULL = YES;
				CLANG_ANALYZER_NUMBER_OBJECT_CONVERSION = YES_AGGRESSIVE;
				CLANG_CXX_LANGUAGE_STANDARD = "gnu++14";
				CLANG_CXX_LIBRARY = "libc++";
				CLANG_ENABLE_MODULES = YES;
				CLANG_ENABLE_OBJC_ARC = YES;
				CLANG_ENABLE_OBJC_WEAK = YES;
				CLANG_WARN_BLOCK_CAPTURE_AUTORELEASING = YES;
				CLANG_WARN_BOOL_CONVERSION = YES;
				CLANG_WARN_COMMA = YES;
				CLANG_WARN_CONSTANT_CONVERSION = YES;
				CLANG_WARN_DEPRECATED_OBJC_IMPLEMENTATIONS = YES;
				CLANG_WARN_DIRECT_OBJC_ISA_USAGE = YES_ERROR;
				CLANG_WARN_DOCUMENTATION_COMMENTS = YES;
				CLANG_WARN_EMPTY_BODY = YES;
				CLANG_WARN_ENUM_CONVERSION = YES;
				CLANG_WARN_INFINITE_RECURSION = YES;
				CLANG_WARN_INT_CONVERSION = YES;
				CLANG_WARN_NON_LITERAL_NULL_CONVERSION = YES;
				CLANG_WARN_OBJC_IMPLICIT_RETAIN_SELF = YES;
				CLANG_WARN_OBJC_LITERAL_CONVERSION = YES;
				CLANG_WARN_OBJC_ROOT_CLASS = YES_ERROR;
				CLANG_WARN_RANGE_LOOP_ANALYSIS = YES;
				CLANG_WARN_STRICT_PROTOTYPES = YES;
				CLANG_WARN_SUSPICIOUS_MOVE = YES;
				CLANG_WARN_UNGUARDED_AVAILABILITY = YES_AGGRESSIVE;
				CLANG_WARN_UNREACHABLE_CODE = YES;
				CLANG_WARN__DUPLICATE_METHOD_MATCH = YES;
				CODE_SIGN_IDENTITY = "iPhone Developer";
				COPY_PHASE_STRIP = NO;
				DEBUG_INFORMATION_FORMAT = dwarf;
				ENABLE_STRICT_OBJC_MSGSEND = YES;
				ENABLE_TESTABILITY = YES;
				GCC_C_LANGUAGE_STANDARD = gnu11;
				GCC_DYNAMIC_NO_PIC = NO;
				GCC_NO_COMMON_BLOCKS = YES;
				GCC_OPTIMIZATION_LEVEL = 0;
				GCC_PREPROCESSOR_DEFINITIONS = (
					"DEBUG=1",
					"$(inherited)",
				);
				GCC_WARN_64_TO_32_BIT_CONVERSION = YES;
				GCC_WARN_ABOUT_RETURN_TYPE = YES_ERROR;
				GCC_WARN_UNDECLARED_SELECTOR = YES;
				GCC_WARN_UNINITIALIZED_AUTOS = YES_AGGRESSIVE;
				GCC_WARN_UNUSED_FUNCTION = YES;
				GCC_WARN_UNUSED_VARIABLE = YES;
				IPHONEOS_DEPLOYMENT_TARGET = 12.1;
				MTL_ENABLE_DEBUG_INFO = INCLUDE_SOURCE;
				MTL_FAST_MATH = YES;
				ONLY_ACTIVE_ARCH = YES;
				SDKROOT = iphoneos;
				SWIFT_ACTIVE_COMPILATION_CONDITIONS = DEBUG;
				SWIFT_OPTIMIZATION_LEVEL = "-Onone";
			};
			name = Debug;
		};
		295B4B6F2367ABD90069C93E /* Release */ = {
			isa = XCBuildConfiguration;
			buildSettings = {
				ALWAYS_SEARCH_USER_PATHS = NO;
				CLANG_ANALYZER_NONNULL = YES;
				CLANG_ANALYZER_NUMBER_OBJECT_CONVERSION = YES_AGGRESSIVE;
				CLANG_CXX_LANGUAGE_STANDARD = "gnu++14";
				CLANG_CXX_LIBRARY = "libc++";
				CLANG_ENABLE_MODULES = YES;
				CLANG_ENABLE_OBJC_ARC = YES;
				CLANG_ENABLE_OBJC_WEAK = YES;
				CLANG_WARN_BLOCK_CAPTURE_AUTORELEASING = YES;
				CLANG_WARN_BOOL_CONVERSION = YES;
				CLANG_WARN_COMMA = YES;
				CLANG_WARN_CONSTANT_CONVERSION = YES;
				CLANG_WARN_DEPRECATED_OBJC_IMPLEMENTATIONS = YES;
				CLANG_WARN_DIRECT_OBJC_ISA_USAGE = YES_ERROR;
				CLANG_WARN_DOCUMENTATION_COMMENTS = YES;
				CLANG_WARN_EMPTY_BODY = YES;
				CLANG_WARN_ENUM_CONVERSION = YES;
				CLANG_WARN_INFINITE_RECURSION = YES;
				CLANG_WARN_INT_CONVERSION = YES;
				CLANG_WARN_NON_LITERAL_NULL_CONVERSION = YES;
				CLANG_WARN_OBJC_IMPLICIT_RETAIN_SELF = YES;
				CLANG_WARN_OBJC_LITERAL_CONVERSION = YES;
				CLANG_WARN_OBJC_ROOT_CLASS = YES_ERROR;
				CLANG_WARN_RANGE_LOOP_ANALYSIS = YES;
				CLANG_WARN_STRICT_PROTOTYPES = YES;
				CLANG_WARN_SUSPICIOUS_MOVE = YES;
				CLANG_WARN_UNGUARDED_AVAILABILITY = YES_AGGRESSIVE;
				CLANG_WARN_UNREACHABLE_CODE = YES;
				CLANG_WARN__DUPLICATE_METHOD_MATCH = YES;
				CODE_SIGN_IDENTITY = "iPhone Developer";
				COPY_PHASE_STRIP = NO;
				DEBUG_INFORMATION_FORMAT = "dwarf-with-dsym";
				ENABLE_NS_ASSERTIONS = NO;
				ENABLE_STRICT_OBJC_MSGSEND = YES;
				GCC_C_LANGUAGE_STANDARD = gnu11;
				GCC_NO_COMMON_BLOCKS = YES;
				GCC_WARN_64_TO_32_BIT_CONVERSION = YES;
				GCC_WARN_ABOUT_RETURN_TYPE = YES_ERROR;
				GCC_WARN_UNDECLARED_SELECTOR = YES;
				GCC_WARN_UNINITIALIZED_AUTOS = YES_AGGRESSIVE;
				GCC_WARN_UNUSED_FUNCTION = YES;
				GCC_WARN_UNUSED_VARIABLE = YES;
				IPHONEOS_DEPLOYMENT_TARGET = 12.1;
				MTL_ENABLE_DEBUG_INFO = NO;
				MTL_FAST_MATH = YES;
				SDKROOT = iphoneos;
				SWIFT_COMPILATION_MODE = wholemodule;
				SWIFT_OPTIMIZATION_LEVEL = "-O";
				VALIDATE_PRODUCT = YES;
			};
			name = Release;
		};
		295B4B712367ABD90069C93E /* Debug */ = {
			isa = XCBuildConfiguration;
			buildSettings = {
				ASSETCATALOG_COMPILER_APPICON_NAME = AppIcon;
				BASE_URL = "https://sky-exercise.herokuapp.com/api/";
				CODE_SIGN_STYLE = Automatic;
				DEVELOPMENT_TEAM = 736S8K8L22;
				FRAMEWORK_SEARCH_PATHS = (
					"$(inherited)",
					"$(PROJECT_DIR)/Carthage/Build/iOS",
				);
				INFOPLIST_FILE = iOSRxMovies/Info.plist;
				LD_RUNPATH_SEARCH_PATHS = (
					"$(inherited)",
					"@executable_path/Frameworks",
				);
				PRODUCT_BUNDLE_IDENTIFIER = com.br.adriano.song.iOSRxMovies;
				PRODUCT_NAME = "$(TARGET_NAME)";
				SWIFT_VERSION = 4.2;
				TARGETED_DEVICE_FAMILY = "1,2";
			};
			name = Debug;
		};
		295B4B722367ABD90069C93E /* Release */ = {
			isa = XCBuildConfiguration;
			buildSettings = {
				ASSETCATALOG_COMPILER_APPICON_NAME = AppIcon;
				BASE_URL = "https://sky-exercise.herokuapp.com/api/";
				CODE_SIGN_STYLE = Automatic;
				DEVELOPMENT_TEAM = 736S8K8L22;
				FRAMEWORK_SEARCH_PATHS = (
					"$(inherited)",
					"$(PROJECT_DIR)/Carthage/Build/iOS",
				);
				INFOPLIST_FILE = iOSRxMovies/Info.plist;
				LD_RUNPATH_SEARCH_PATHS = (
					"$(inherited)",
					"@executable_path/Frameworks",
				);
				PRODUCT_BUNDLE_IDENTIFIER = com.br.adriano.song.iOSRxMovies;
				PRODUCT_NAME = "$(TARGET_NAME)";
				SWIFT_VERSION = 4.2;
				TARGETED_DEVICE_FAMILY = "1,2";
			};
			name = Release;
		};
/* End XCBuildConfiguration section */

/* Begin XCConfigurationList section */
		295B4B592367ABD80069C93E /* Build configuration list for PBXProject "iOSRxMovies" */ = {
			isa = XCConfigurationList;
			buildConfigurations = (
				295B4B6E2367ABD90069C93E /* Debug */,
				295B4B6F2367ABD90069C93E /* Release */,
			);
			defaultConfigurationIsVisible = 0;
			defaultConfigurationName = Release;
		};
		295B4B702367ABD90069C93E /* Build configuration list for PBXNativeTarget "iOSRxMovies" */ = {
			isa = XCConfigurationList;
			buildConfigurations = (
				295B4B712367ABD90069C93E /* Debug */,
				295B4B722367ABD90069C93E /* Release */,
			);
			defaultConfigurationIsVisible = 0;
			defaultConfigurationName = Release;
		};
/* End XCConfigurationList section */
	};
	rootObject = 295B4B562367ABD80069C93E /* Project object */;
}
